
Microsoft Visual Studio Solution File, Format Version 12.00
# Visual Studio Version 17
VisualStudioVersion = 17.6.33712.159
MinimumVisualStudioVersion = 10.0.40219.1
Project("{9A19103F-16F7-4668-BE54-9A1E7A4F7556}") = "BasketMicroserviceCleanArchitecture", "BasketMicroserviceCleanArchitecture\BasketMicroserviceCleanArchitecture.csproj", "{B2B74065-9705-4EE6-BC14-4FD70656D80E}"
EndProject
Project("{FAE04EC0-301F-11D3-BF4B-00C04F79EFBC}") = "BaketMicroservice-Domain", "BaketMicroservice-Domain\BaketMicroservice-Domain.csproj", "{5E8F1D71-1BD4-42B6-8EF2-30A2EB8941A6}"
EndProject
Project("{FAE04EC0-301F-11D3-BF4B-00C04F79EFBC}") = "BasketMicroserviceCleanArchitecture-Infrastracture", "BasketMicroserviceCleanArchitecture-Infrastracture\BasketMicroserviceCleanArchitecture-Infrastracture.csproj", "{A067ACCC-5751-4D4F-90D5-96BBE5648CBB}"
EndProject
Project("{FAE04EC0-301F-11D3-BF4B-00C04F79EFBC}") = "BasketMicroserviceCleanArchitecture-Application", "BasketMicroserviceCleanArchitecture-Application\BasketMicroserviceCleanArchitecture-Application.csproj", "{30C56987-8CC7-4880-9AB1-2CEE1F5E5C41}"
EndProject
Global
	GlobalSection(SolutionConfigurationPlatforms) = preSolution
		Debug|Any CPU = Debug|Any CPU
		Release|Any CPU = Release|Any CPU
	EndGlobalSection
	GlobalSection(ProjectConfigurationPlatforms) = postSolution
		{B2B74065-9705-4EE6-BC14-4FD70656D80E}.Debug|Any CPU.ActiveCfg = Debug|Any CPU
		{B2B74065-9705-4EE6-BC14-4FD70656D80E}.Debug|Any CPU.Build.0 = Debug|Any CPU
		{B2B74065-9705-4EE6-BC14-4FD70656D80E}.Release|Any CPU.ActiveCfg = Release|Any CPU
		{B2B74065-9705-4EE6-BC14-4FD70656D80E}.Release|Any CPU.Build.0 = Release|Any CPU
		{5E8F1D71-1BD4-42B6-8EF2-30A2EB8941A6}.Debug|Any CPU.ActiveCfg = Debug|Any CPU
		{5E8F1D71-1BD4-42B6-8EF2-30A2EB8941A6}.Debug|Any CPU.Build.0 = Debug|Any CPU
		{5E8F1D71-1BD4-42B6-8EF2-30A2EB8941A6}.Release|Any CPU.ActiveCfg = Release|Any CPU
		{5E8F1D71-1BD4-42B6-8EF2-30A2EB8941A6}.Release|Any CPU.Build.0 = Release|Any CPU
		{A067ACCC-5751-4D4F-90D5-96BBE5648CBB}.Debug|Any CPU.ActiveCfg = Debug|Any CPU
		{A067ACCC-5751-4D4F-90D5-96BBE5648CBB}.Debug|Any CPU.Build.0 = Debug|Any CPU
		{A067ACCC-5751-4D4F-90D5-96BBE5648CBB}.Release|Any CPU.ActiveCfg = Release|Any CPU
		{A067ACCC-5751-4D4F-90D5-96BBE5648CBB}.Release|Any CPU.Build.0 = Release|Any CPU
		{30C56987-8CC7-4880-9AB1-2CEE1F5E5C41}.Debug|Any CPU.ActiveCfg = Debug|Any CPU
		{30C56987-8CC7-4880-9AB1-2CEE1F5E5C41}.Debug|Any CPU.Build.0 = Debug|Any CPU
		{30C56987-8CC7-4880-9AB1-2CEE1F5E5C41}.Release|Any CPU.ActiveCfg = Release|Any CPU
		{30C56987-8CC7-4880-9AB1-2CEE1F5E5C41}.Release|Any CPU.Build.0 = Release|Any CPU
	EndGlobalSection
	GlobalSection(SolutionProperties) = preSolution
		HideSolutionNode = FALSE
	EndGlobalSection
	GlobalSection(ExtensibilityGlobals) = postSolution
		SolutionGuid = {F2EA69E6-A393-4699-B768-23E116821691}
	EndGlobalSection
EndGlobal
